
Microsoft Visual Studio Solution File, Format Version 12.00
# Visual Studio 14
VisualStudioVersion = 14.0.25420.1
MinimumVisualStudioVersion = 10.0.40219.1
Project("{FAE04EC0-301F-11D3-BF4B-00C04F79EFBC}") = "Dominik", "Dominik\Dominik.csproj", "{F336FB25-AC72-42D3-ABC1-D8439E5EAEA5}"
EndProject
Project("{FAE04EC0-301F-11D3-BF4B-00C04F79EFBC}") = "WebApplicationTest", "WebApplicationTest\WebApplicationTest.csproj", "{364AC070-80E4-4EF9-861C-84B0673F01A0}"
EndProject
Global
	GlobalSection(SolutionConfigurationPlatforms) = preSolution
		Debug|Any CPU = Debug|Any CPU
		Release|Any CPU = Release|Any CPU
	EndGlobalSection
	GlobalSection(ProjectConfigurationPlatforms) = postSolution
		{F336FB25-AC72-42D3-ABC1-D8439E5EAEA5}.Debug|Any CPU.ActiveCfg = Debug|Any CPU
		{F336FB25-AC72-42D3-ABC1-D8439E5EAEA5}.Debug|Any CPU.Build.0 = Debug|Any CPU
		{F336FB25-AC72-42D3-ABC1-D8439E5EAEA5}.Release|Any CPU.ActiveCfg = Release|Any CPU
		{F336FB25-AC72-42D3-ABC1-D8439E5EAEA5}.Release|Any CPU.Build.0 = Release|Any CPU
		{364AC070-80E4-4EF9-861C-84B0673F01A0}.Debug|Any CPU.ActiveCfg = Debug|Any CPU
		{364AC070-80E4-4EF9-861C-84B0673F01A0}.Debug|Any CPU.Build.0 = Debug|Any CPU
		{364AC070-80E4-4EF9-861C-84B0673F01A0}.Release|Any CPU.ActiveCfg = Release|Any CPU
		{364AC070-80E4-4EF9-861C-84B0673F01A0}.Release|Any CPU.Build.0 = Release|Any CPU
	EndGlobalSection
	GlobalSection(SolutionProperties) = preSolution
		HideSolutionNode = FALSE
	EndGlobalSection
EndGlobal
